{
  "name": "tunnelerjs",
  "version": "1.0.0",
  "lockfileVersion": 1,
  "requires": true,
  "dependencies": {
    "async-limiter": {
      "version": "https://registry.npmjs.org/async-limiter/-/async-limiter-1.0.0.tgz",
      "integrity": "sha1-ePrtjD0HSrgfIrTphdeehzj3IPg="
    },
    "discord.js": {
      "version": "https://registry.npmjs.org/discord.js/-/discord.js-11.2.1.tgz",
      "integrity": "sha1-v8D1qLY5jcNy0CblA1kmRkVgU/w=",
      "requires": {
        "long": "https://registry.npmjs.org/long/-/long-3.2.0.tgz",
        "prism-media": "https://registry.npmjs.org/prism-media/-/prism-media-0.0.1.tgz",
        "snekfetch": "https://registry.npmjs.org/snekfetch/-/snekfetch-3.4.1.tgz",
        "tweetnacl": "https://registry.npmjs.org/tweetnacl/-/tweetnacl-1.0.0.tgz",
        "ws": "https://registry.npmjs.org/ws/-/ws-3.2.0.tgz"
      }
    },
    "eslint-config-google": {
      "version": "https://registry.npmjs.org/eslint-config-google/-/eslint-config-google-0.9.1.tgz",
      "integrity": "sha1-gzU8PboF9yuxIxaaQJT0/xIDkes=",
      "dev": true
    },
    "long": {
      "version": "https://registry.npmjs.org/long/-/long-3.2.0.tgz",
      "integrity": "sha1-2CG3E4yhy1gcFymQ7xTbIAtcR0s="
    },
    "prism-media": {
      "version": "https://registry.npmjs.org/prism-media/-/prism-media-0.0.1.tgz",
      "integrity": "sha1-o0JcnKvVDRxsAuVDlBoRiVZnvRA="
    },
    "safe-buffer": {
      "version": "https://registry.npmjs.org/safe-buffer/-/safe-buffer-5.1.1.tgz",
      "integrity": "sha1-iTMSr2myEj3vcfV4iQAWce6yyFM="
    },
    "snekfetch": {
      "version": "https://registry.npmjs.org/snekfetch/-/snekfetch-3.4.1.tgz",
      "integrity": "sha1-9JDeRAseV8FusTGz6F/iifXN+XM="
    },
    "string-analysis-js": {
      "version": "https://registry.npmjs.org/string-analysis-js/-/string-analysis-js-0.1.3.tgz",
      "integrity": "sha1-jCLjLAd0WIt0Sz2dU6Q7KS1GUjI="
    },
    "tweetnacl": {
      "version": "https://registry.npmjs.org/tweetnacl/-/tweetnacl-1.0.0.tgz",
      "integrity": "sha1-cT2LgY2kIGh0C/aDhtBHnmb8ins="
    },
    "ultron": {
      "version": "https://registry.npmjs.org/ultron/-/ultron-1.1.0.tgz",
      "integrity": "sha1-sHoualQagV/Go0zNRTO67DB8qGQ="
    },
    "ws": {
      "version": "https://registry.npmjs.org/ws/-/ws-3.2.0.tgz",
      "integrity": "sha1-1dPWsRr/cec/gI9AzGnVK7bUoYU=",
      "requires": {
        "async-limiter": "https://registry.npmjs.org/async-limiter/-/async-limiter-1.0.0.tgz",
        "safe-buffer": "https://registry.npmjs.org/safe-buffer/-/safe-buffer-5.1.1.tgz",
        "ultron": "https://registry.npmjs.org/ultron/-/ultron-1.1.0.tgz"
      }
    }
  }
}
